
Microsoft Visual Studio Solution File, Format Version 12.00
# Visual Studio Version 17
VisualStudioVersion = 17.9.34902.65
MinimumVisualStudioVersion = 10.0.40219.1
Project("{FAE04EC0-301F-11D3-BF4B-00C04F79EFBC}") = "WebApplication1_HW_27_11_2024_ADD1", "WebApplication1_HW_27_11_2024_ADD1\WebApplication1_HW_27_11_2024_ADD1.csproj", "{17F2BE47-DF76-4726-8737-B590ACA88A22}"
EndProject
Global
	GlobalSection(SolutionConfigurationPlatforms) = preSolution
		Debug|Any CPU = Debug|Any CPU
		Release|Any CPU = Release|Any CPU
	EndGlobalSection
	GlobalSection(ProjectConfigurationPlatforms) = postSolution
		{17F2BE47-DF76-4726-8737-B590ACA88A22}.Debug|Any CPU.ActiveCfg = Debug|Any CPU
		{17F2BE47-DF76-4726-8737-B590ACA88A22}.Debug|Any CPU.Build.0 = Debug|Any CPU
		{17F2BE47-DF76-4726-8737-B590ACA88A22}.Release|Any CPU.ActiveCfg = Release|Any CPU
		{17F2BE47-DF76-4726-8737-B590ACA88A22}.Release|Any CPU.Build.0 = Release|Any CPU
	EndGlobalSection
	GlobalSection(SolutionProperties) = preSolution
		HideSolutionNode = FALSE
	EndGlobalSection
	GlobalSection(ExtensibilityGlobals) = postSolution
		SolutionGuid = {6A7D4096-0B28-43B2-8440-24CCC1EA76ED}
	EndGlobalSection
EndGlobal
